
Microsoft Visual Studio Solution File, Format Version 12.00
# Visual Studio Version 17
VisualStudioVersion = 17.1.32210.238
MinimumVisualStudioVersion = 10.0.40219.1
Project("{FAE04EC0-301F-11D3-BF4B-00C04F79EFBC}") = "A3InglesInstrumental", "A3InglesInstrumental\A3InglesInstrumental.csproj", "{70EBA693-7BFC-4404-9BEB-2F4FDB665256}"
EndProject
Global
	GlobalSection(SolutionConfigurationPlatforms) = preSolution
		Debug|Any CPU = Debug|Any CPU
		Release|Any CPU = Release|Any CPU
	EndGlobalSection
	GlobalSection(ProjectConfigurationPlatforms) = postSolution
		{70EBA693-7BFC-4404-9BEB-2F4FDB665256}.Debug|Any CPU.ActiveCfg = Debug|Any CPU
		{70EBA693-7BFC-4404-9BEB-2F4FDB665256}.Debug|Any CPU.Build.0 = Debug|Any CPU
		{70EBA693-7BFC-4404-9BEB-2F4FDB665256}.Release|Any CPU.ActiveCfg = Release|Any CPU
		{70EBA693-7BFC-4404-9BEB-2F4FDB665256}.Release|Any CPU.Build.0 = Release|Any CPU
	EndGlobalSection
	GlobalSection(SolutionProperties) = preSolution
		HideSolutionNode = FALSE
	EndGlobalSection
	GlobalSection(ExtensibilityGlobals) = postSolution
		SolutionGuid = {F3937C41-3FDE-49EA-9FB6-741C8FD1CB2C}
	EndGlobalSection
EndGlobal
